
Microsoft Visual Studio Solution File, Format Version 12.00
# Visual Studio Version 17
VisualStudioVersion = 17.12.35707.178
MinimumVisualStudioVersion = 10.0.40219.1
Project("{FAE04EC0-301F-11D3-BF4B-00C04F79EFBC}") = "IdentityWebApp", "IdentityWebApp.csproj", "{B6363CD8-3596-438E-B950-1FC5BD1AC4B4}"
EndProject
Project("{FAE04EC0-301F-11D3-BF4B-00C04F79EFBC}") = "IdentityAPI", "..\IdentityAPI\IdentityAPI.csproj", "{DCC3864D-F23B-4743-A9DA-054165E761A3}"
EndProject
Project("{FAE04EC0-301F-11D3-BF4B-00C04F79EFBC}") = "SecurityWebApp", "..\SecurityWebApp\SecurityWebApp.csproj", "{38DE4CC2-98B2-4325-9C0F-B2DDADBC7579}"
EndProject
Global
	GlobalSection(SolutionConfigurationPlatforms) = preSolution
		Debug|Any CPU = Debug|Any CPU
		Release|Any CPU = Release|Any CPU
	EndGlobalSection
	GlobalSection(ProjectConfigurationPlatforms) = postSolution
		{B6363CD8-3596-438E-B950-1FC5BD1AC4B4}.Debug|Any CPU.ActiveCfg = Debug|Any CPU
		{B6363CD8-3596-438E-B950-1FC5BD1AC4B4}.Debug|Any CPU.Build.0 = Debug|Any CPU
		{B6363CD8-3596-438E-B950-1FC5BD1AC4B4}.Release|Any CPU.ActiveCfg = Release|Any CPU
		{B6363CD8-3596-438E-B950-1FC5BD1AC4B4}.Release|Any CPU.Build.0 = Release|Any CPU
		{DCC3864D-F23B-4743-A9DA-054165E761A3}.Debug|Any CPU.ActiveCfg = Debug|Any CPU
		{DCC3864D-F23B-4743-A9DA-054165E761A3}.Debug|Any CPU.Build.0 = Debug|Any CPU
		{DCC3864D-F23B-4743-A9DA-054165E761A3}.Release|Any CPU.ActiveCfg = Release|Any CPU
		{DCC3864D-F23B-4743-A9DA-054165E761A3}.Release|Any CPU.Build.0 = Release|Any CPU
		{38DE4CC2-98B2-4325-9C0F-B2DDADBC7579}.Debug|Any CPU.ActiveCfg = Debug|Any CPU
		{38DE4CC2-98B2-4325-9C0F-B2DDADBC7579}.Debug|Any CPU.Build.0 = Debug|Any CPU
		{38DE4CC2-98B2-4325-9C0F-B2DDADBC7579}.Release|Any CPU.ActiveCfg = Release|Any CPU
		{38DE4CC2-98B2-4325-9C0F-B2DDADBC7579}.Release|Any CPU.Build.0 = Release|Any CPU
	EndGlobalSection
	GlobalSection(SolutionProperties) = preSolution
		HideSolutionNode = FALSE
	EndGlobalSection
EndGlobal
