
Microsoft Visual Studio Solution File, Format Version 12.00
# Visual Studio Version 17
VisualStudioVersion = 17.12.35707.178 d17.12
MinimumVisualStudioVersion = 10.0.40219.1
Project("{FAE04EC0-301F-11D3-BF4B-00C04F79EFBC}") = "ExportCsvExcel", "ExportCsvExcel.csproj", "{BC0822D0-0F61-4256-8201-44997461E0DB}"
EndProject
Global
	GlobalSection(SolutionConfigurationPlatforms) = preSolution
		Debug|Any CPU = Debug|Any CPU
		Release|Any CPU = Release|Any CPU
	EndGlobalSection
	GlobalSection(ProjectConfigurationPlatforms) = postSolution
		{BC0822D0-0F61-4256-8201-44997461E0DB}.Debug|Any CPU.ActiveCfg = Debug|Any CPU
		{BC0822D0-0F61-4256-8201-44997461E0DB}.Debug|Any CPU.Build.0 = Debug|Any CPU
		{BC0822D0-0F61-4256-8201-44997461E0DB}.Release|Any CPU.ActiveCfg = Release|Any CPU
		{BC0822D0-0F61-4256-8201-44997461E0DB}.Release|Any CPU.Build.0 = Release|Any CPU
	EndGlobalSection
	GlobalSection(SolutionProperties) = preSolution
		HideSolutionNode = FALSE
	EndGlobalSection
EndGlobal
